
Microsoft Visual Studio Solution File, Format Version 12.00
# Visual Studio 15
Project("{FAE04EC0-301F-11D3-BF4B-00C04F79EFBC}") = "Assembly-CSharp", "Assembly-CSharp.csproj", "{71C91136-A583-77DD-AF8D-D0F002CFDA30}"
EndProject
Project("{FAE04EC0-301F-11D3-BF4B-00C04F79EFBC}") = "Assembly-CSharp-firstpass", "Assembly-CSharp-firstpass.csproj", "{ED693A31-B098-81FD-7CCD-0665D47B29E0}"
EndProject
Global
	GlobalSection(SolutionConfigurationPlatforms) = preSolution
		Debug|Any CPU = Debug|Any CPU
		Release|Any CPU = Release|Any CPU
	EndGlobalSection
	GlobalSection(ProjectConfigurationPlatforms) = postSolution
		{71C91136-A583-77DD-AF8D-D0F002CFDA30}.Debug|Any CPU.ActiveCfg = Debug|Any CPU
		{71C91136-A583-77DD-AF8D-D0F002CFDA30}.Debug|Any CPU.Build.0 = Debug|Any CPU
		{71C91136-A583-77DD-AF8D-D0F002CFDA30}.Release|Any CPU.ActiveCfg = Release|Any CPU
		{71C91136-A583-77DD-AF8D-D0F002CFDA30}.Release|Any CPU.Build.0 = Release|Any CPU
		{ED693A31-B098-81FD-7CCD-0665D47B29E0}.Debug|Any CPU.ActiveCfg = Debug|Any CPU
		{ED693A31-B098-81FD-7CCD-0665D47B29E0}.Debug|Any CPU.Build.0 = Debug|Any CPU
		{ED693A31-B098-81FD-7CCD-0665D47B29E0}.Release|Any CPU.ActiveCfg = Release|Any CPU
		{ED693A31-B098-81FD-7CCD-0665D47B29E0}.Release|Any CPU.Build.0 = Release|Any CPU
	EndGlobalSection
	GlobalSection(SolutionProperties) = preSolution
		HideSolutionNode = FALSE
	EndGlobalSection
EndGlobal
